
Microsoft Visual Studio Solution File, Format Version 12.00
# Visual Studio Version 16
VisualStudioVersion = 16.0.31005.135
MinimumVisualStudioVersion = 10.0.40219.1
Project("{FAE04EC0-301F-11D3-BF4B-00C04F79EFBC}") = "AdminService", "AdminService\AdminService.csproj", "{200E19CE-D28B-43FB-A4C9-83586E5B61FB}"
EndProject
Global
	GlobalSection(SolutionConfigurationPlatforms) = preSolution
		Debug|Any CPU = Debug|Any CPU
		Release|Any CPU = Release|Any CPU
	EndGlobalSection
	GlobalSection(ProjectConfigurationPlatforms) = postSolution
		{200E19CE-D28B-43FB-A4C9-83586E5B61FB}.Debug|Any CPU.ActiveCfg = Debug|Any CPU
		{200E19CE-D28B-43FB-A4C9-83586E5B61FB}.Debug|Any CPU.Build.0 = Debug|Any CPU
		{200E19CE-D28B-43FB-A4C9-83586E5B61FB}.Release|Any CPU.ActiveCfg = Release|Any CPU
		{200E19CE-D28B-43FB-A4C9-83586E5B61FB}.Release|Any CPU.Build.0 = Release|Any CPU
	EndGlobalSection
	GlobalSection(SolutionProperties) = preSolution
		HideSolutionNode = FALSE
	EndGlobalSection
	GlobalSection(ExtensibilityGlobals) = postSolution
		SolutionGuid = {A392CC2F-F2BD-4676-9AF0-DD7C73DDAA25}
	EndGlobalSection
EndGlobal
